
Microsoft Visual Studio Solution File, Format Version 12.00
# Visual Studio Version 17
VisualStudioVersion = 17.3.32819.101
MinimumVisualStudioVersion = 10.0.40219.1
Project("{FAE04EC0-301F-11D3-BF4B-00C04F79EFBC}") = "DTO", "DTO\DTO.csproj", "{CDE48F38-2A71-4576-AF72-8DD2ABF80FF7}"
EndProject
Project("{FAE04EC0-301F-11D3-BF4B-00C04F79EFBC}") = "DAL", "DAL\DAL.csproj", "{89B8066D-1149-4B11-914D-20285B95DFC0}"
EndProject
Project("{FAE04EC0-301F-11D3-BF4B-00C04F79EFBC}") = "BLL", "BLL\BLL.csproj", "{87F8E88C-E423-4B07-A9C0-203F1B4D2CBA}"
EndProject
Project("{FAE04EC0-301F-11D3-BF4B-00C04F79EFBC}") = "Debug", "Debug\Debug.csproj", "{010FE863-C267-4018-A167-FAEC605F9F75}"
EndProject
Global
	GlobalSection(SolutionConfigurationPlatforms) = preSolution
		Debug|Any CPU = Debug|Any CPU
		Release|Any CPU = Release|Any CPU
	EndGlobalSection
	GlobalSection(ProjectConfigurationPlatforms) = postSolution
		{CDE48F38-2A71-4576-AF72-8DD2ABF80FF7}.Debug|Any CPU.ActiveCfg = Debug|Any CPU
		{CDE48F38-2A71-4576-AF72-8DD2ABF80FF7}.Debug|Any CPU.Build.0 = Debug|Any CPU
		{CDE48F38-2A71-4576-AF72-8DD2ABF80FF7}.Release|Any CPU.ActiveCfg = Release|Any CPU
		{CDE48F38-2A71-4576-AF72-8DD2ABF80FF7}.Release|Any CPU.Build.0 = Release|Any CPU
		{89B8066D-1149-4B11-914D-20285B95DFC0}.Debug|Any CPU.ActiveCfg = Debug|Any CPU
		{89B8066D-1149-4B11-914D-20285B95DFC0}.Debug|Any CPU.Build.0 = Debug|Any CPU
		{89B8066D-1149-4B11-914D-20285B95DFC0}.Release|Any CPU.ActiveCfg = Release|Any CPU
		{89B8066D-1149-4B11-914D-20285B95DFC0}.Release|Any CPU.Build.0 = Release|Any CPU
		{87F8E88C-E423-4B07-A9C0-203F1B4D2CBA}.Debug|Any CPU.ActiveCfg = Debug|Any CPU
		{87F8E88C-E423-4B07-A9C0-203F1B4D2CBA}.Debug|Any CPU.Build.0 = Debug|Any CPU
		{87F8E88C-E423-4B07-A9C0-203F1B4D2CBA}.Release|Any CPU.ActiveCfg = Release|Any CPU
		{87F8E88C-E423-4B07-A9C0-203F1B4D2CBA}.Release|Any CPU.Build.0 = Release|Any CPU
		{010FE863-C267-4018-A167-FAEC605F9F75}.Debug|Any CPU.ActiveCfg = Debug|Any CPU
		{010FE863-C267-4018-A167-FAEC605F9F75}.Debug|Any CPU.Build.0 = Debug|Any CPU
		{010FE863-C267-4018-A167-FAEC605F9F75}.Release|Any CPU.ActiveCfg = Release|Any CPU
		{010FE863-C267-4018-A167-FAEC605F9F75}.Release|Any CPU.Build.0 = Release|Any CPU
	EndGlobalSection
	GlobalSection(SolutionProperties) = preSolution
		HideSolutionNode = FALSE
	EndGlobalSection
	GlobalSection(ExtensibilityGlobals) = postSolution
		SolutionGuid = {235484A0-EF71-4AA6-9A94-C6AEF50F1F0F}
	EndGlobalSection
EndGlobal
